
Microsoft Visual Studio Solution File, Format Version 12.00
# Visual Studio Version 16
VisualStudioVersion = 16.0.29806.167
MinimumVisualStudioVersion = 10.0.40219.1
Project("{FAE04EC0-301F-11D3-BF4B-00C04F79EFBC}") = "TelerikWpfApp3", "TelerikWpfApp3\TelerikWpfApp3.csproj", "{54CD0122-82CD-4CF2-949D-093E76734692}"
EndProject
Global
	GlobalSection(SolutionConfigurationPlatforms) = preSolution
		Debug|Any CPU = Debug|Any CPU
		Release|Any CPU = Release|Any CPU
	EndGlobalSection
	GlobalSection(ProjectConfigurationPlatforms) = postSolution
		{54CD0122-82CD-4CF2-949D-093E76734692}.Debug|Any CPU.ActiveCfg = Debug|Any CPU
		{54CD0122-82CD-4CF2-949D-093E76734692}.Debug|Any CPU.Build.0 = Debug|Any CPU
		{54CD0122-82CD-4CF2-949D-093E76734692}.Release|Any CPU.ActiveCfg = Release|Any CPU
		{54CD0122-82CD-4CF2-949D-093E76734692}.Release|Any CPU.Build.0 = Release|Any CPU
	EndGlobalSection
	GlobalSection(SolutionProperties) = preSolution
		HideSolutionNode = FALSE
	EndGlobalSection
	GlobalSection(ExtensibilityGlobals) = postSolution
		SolutionGuid = {33154721-689C-4D8A-BEA5-C8480246141F}
	EndGlobalSection
EndGlobal
